
Microsoft Visual Studio Solution File, Format Version 12.00
# Visual Studio Version 17
VisualStudioVersion = 17.3.32804.467
MinimumVisualStudioVersion = 10.0.40219.1
Project("{FAE04EC0-301F-11D3-BF4B-00C04F79EFBC}") = "GuessANumberByUsername", "GuessANumberByUsername\GuessANumberByUsername.csproj", "{B781A541-D862-48BA-BF39-C3CD1DCE6515}"
EndProject
Project("{FAE04EC0-301F-11D3-BF4B-00C04F79EFBC}") = "test", "test\test.csproj", "{AFBCE196-2F70-4693-A6AC-A86CE63B29C3}"
EndProject
Global
	GlobalSection(SolutionConfigurationPlatforms) = preSolution
		Debug|Any CPU = Debug|Any CPU
		Release|Any CPU = Release|Any CPU
	EndGlobalSection
	GlobalSection(ProjectConfigurationPlatforms) = postSolution
		{B781A541-D862-48BA-BF39-C3CD1DCE6515}.Debug|Any CPU.ActiveCfg = Debug|Any CPU
		{B781A541-D862-48BA-BF39-C3CD1DCE6515}.Debug|Any CPU.Build.0 = Debug|Any CPU
		{B781A541-D862-48BA-BF39-C3CD1DCE6515}.Release|Any CPU.ActiveCfg = Release|Any CPU
		{B781A541-D862-48BA-BF39-C3CD1DCE6515}.Release|Any CPU.Build.0 = Release|Any CPU
		{AFBCE196-2F70-4693-A6AC-A86CE63B29C3}.Debug|Any CPU.ActiveCfg = Debug|Any CPU
		{AFBCE196-2F70-4693-A6AC-A86CE63B29C3}.Debug|Any CPU.Build.0 = Debug|Any CPU
		{AFBCE196-2F70-4693-A6AC-A86CE63B29C3}.Release|Any CPU.ActiveCfg = Release|Any CPU
		{AFBCE196-2F70-4693-A6AC-A86CE63B29C3}.Release|Any CPU.Build.0 = Release|Any CPU
	EndGlobalSection
	GlobalSection(SolutionProperties) = preSolution
		HideSolutionNode = FALSE
	EndGlobalSection
	GlobalSection(ExtensibilityGlobals) = postSolution
		SolutionGuid = {98019B00-EA90-40DB-8270-1D9F3907BD21}
	EndGlobalSection
EndGlobal
